
Microsoft Visual Studio Solution File, Format Version 12.00
# Visual Studio Express 2012 for Windows Desktop
Project("{FAE04EC0-301F-11D3-BF4B-00C04F79EFBC}") = "Clase5ControlDeUsuarioPDF", "Clase5ControlDeUsuarioPDF\Clase5ControlDeUsuarioPDF.csproj", "{AD426FC0-23E5-4177-9D63-97741A877ED0}"
EndProject
Project("{FAE04EC0-301F-11D3-BF4B-00C04F79EFBC}") = "ClassLibrary1", "ClassLibrary1\ClassLibrary1.csproj", "{16614A09-527C-4E07-BDAD-3D739FFE7DB1}"
EndProject
Global
	GlobalSection(SolutionConfigurationPlatforms) = preSolution
		Debug|Any CPU = Debug|Any CPU
		Release|Any CPU = Release|Any CPU
	EndGlobalSection
	GlobalSection(ProjectConfigurationPlatforms) = postSolution
		{AD426FC0-23E5-4177-9D63-97741A877ED0}.Debug|Any CPU.ActiveCfg = Debug|Any CPU
		{AD426FC0-23E5-4177-9D63-97741A877ED0}.Debug|Any CPU.Build.0 = Debug|Any CPU
		{AD426FC0-23E5-4177-9D63-97741A877ED0}.Release|Any CPU.ActiveCfg = Release|Any CPU
		{AD426FC0-23E5-4177-9D63-97741A877ED0}.Release|Any CPU.Build.0 = Release|Any CPU
		{16614A09-527C-4E07-BDAD-3D739FFE7DB1}.Debug|Any CPU.ActiveCfg = Debug|Any CPU
		{16614A09-527C-4E07-BDAD-3D739FFE7DB1}.Debug|Any CPU.Build.0 = Debug|Any CPU
		{16614A09-527C-4E07-BDAD-3D739FFE7DB1}.Release|Any CPU.ActiveCfg = Release|Any CPU
		{16614A09-527C-4E07-BDAD-3D739FFE7DB1}.Release|Any CPU.Build.0 = Release|Any CPU
	EndGlobalSection
	GlobalSection(SolutionProperties) = preSolution
		HideSolutionNode = FALSE
	EndGlobalSection
EndGlobal
